
Microsoft Visual Studio Solution File, Format Version 12.00
# Visual Studio Version 17
VisualStudioVersion = 17.11.35303.130
MinimumVisualStudioVersion = 10.0.40219.1
Project("{FAE04EC0-301F-11D3-BF4B-00C04F79EFBC}") = "SignalR.MVC", "SignalR.MVC\SignalR.MVC.csproj", "{FAF6947E-0F93-4C8A-8E38-43D50292BF8A}"
EndProject
Project("{FAE04EC0-301F-11D3-BF4B-00C04F79EFBC}") = "SignalR.API", "SignalR.API\SignalR.API.csproj", "{EC3998B0-97A8-4B46-9B85-AA7B494112CC}"
EndProject
Global
	GlobalSection(SolutionConfigurationPlatforms) = preSolution
		Debug|Any CPU = Debug|Any CPU
		Release|Any CPU = Release|Any CPU
	EndGlobalSection
	GlobalSection(ProjectConfigurationPlatforms) = postSolution
		{FAF6947E-0F93-4C8A-8E38-43D50292BF8A}.Debug|Any CPU.ActiveCfg = Debug|Any CPU
		{FAF6947E-0F93-4C8A-8E38-43D50292BF8A}.Debug|Any CPU.Build.0 = Debug|Any CPU
		{FAF6947E-0F93-4C8A-8E38-43D50292BF8A}.Release|Any CPU.ActiveCfg = Release|Any CPU
		{FAF6947E-0F93-4C8A-8E38-43D50292BF8A}.Release|Any CPU.Build.0 = Release|Any CPU
		{EC3998B0-97A8-4B46-9B85-AA7B494112CC}.Debug|Any CPU.ActiveCfg = Debug|Any CPU
		{EC3998B0-97A8-4B46-9B85-AA7B494112CC}.Debug|Any CPU.Build.0 = Debug|Any CPU
		{EC3998B0-97A8-4B46-9B85-AA7B494112CC}.Release|Any CPU.ActiveCfg = Release|Any CPU
		{EC3998B0-97A8-4B46-9B85-AA7B494112CC}.Release|Any CPU.Build.0 = Release|Any CPU
	EndGlobalSection
	GlobalSection(SolutionProperties) = preSolution
		HideSolutionNode = FALSE
	EndGlobalSection
	GlobalSection(ExtensibilityGlobals) = postSolution
		SolutionGuid = {55DD91BA-55A4-4240-95BE-A152ED2AB78D}
	EndGlobalSection
EndGlobal
